
Microsoft Visual Studio Solution File, Format Version 12.00
# Visual Studio Version 17
VisualStudioVersion = 17.2.32630.192
MinimumVisualStudioVersion = 10.0.40219.1
Project("{FAE04EC0-301F-11D3-BF4B-00C04F79EFBC}") = "MenuTools", "MenuTools\MenuTools.csproj", "{5DA8827E-4C29-4310-9C27-1E06CEF9C3A6}"
EndProject
Global
	GlobalSection(SolutionConfigurationPlatforms) = preSolution
		Debug|Any CPU = Debug|Any CPU
		Release|Any CPU = Release|Any CPU
	EndGlobalSection
	GlobalSection(ProjectConfigurationPlatforms) = postSolution
		{5DA8827E-4C29-4310-9C27-1E06CEF9C3A6}.Debug|Any CPU.ActiveCfg = Debug|Any CPU
		{5DA8827E-4C29-4310-9C27-1E06CEF9C3A6}.Debug|Any CPU.Build.0 = Debug|Any CPU
		{5DA8827E-4C29-4310-9C27-1E06CEF9C3A6}.Release|Any CPU.ActiveCfg = Release|Any CPU
		{5DA8827E-4C29-4310-9C27-1E06CEF9C3A6}.Release|Any CPU.Build.0 = Release|Any CPU
	EndGlobalSection
	GlobalSection(SolutionProperties) = preSolution
		HideSolutionNode = FALSE
	EndGlobalSection
	GlobalSection(ExtensibilityGlobals) = postSolution
		SolutionGuid = {387B5F4E-F00F-4639-AF93-19A830D6C7DF}
	EndGlobalSection
EndGlobal
